
Microsoft Visual Studio Solution File, Format Version 12.00
# Visual Studio Version 17
VisualStudioVersion = 17.9.34607.119
MinimumVisualStudioVersion = 10.0.40219.1
Project("{9A19103F-16F7-4668-BE54-9A1E7A4F7556}") = "UI", "RazorCrudUI\UI.csproj", "{C0EF1391-AA1D-4859-B908-55B7C17D2036}"
EndProject
Project("{9A19103F-16F7-4668-BE54-9A1E7A4F7556}") = "Domain", "Domain\Domain.csproj", "{D73B21FD-30E4-417D-8E68-D04D3D565FE8}"
EndProject
Project("{9A19103F-16F7-4668-BE54-9A1E7A4F7556}") = "Data", "Data\Data.csproj", "{D3E20DD6-7911-43BA-8BA2-7F3C0DEFC078}"
EndProject
Project("{9A19103F-16F7-4668-BE54-9A1E7A4F7556}") = "DataMem", "DataMem\DataMem.csproj", "{E0EFFF8C-EF2D-4145-9A2A-6DD6A9D2C1A1}"
EndProject
Global
	GlobalSection(SolutionConfigurationPlatforms) = preSolution
		Debug|Any CPU = Debug|Any CPU
		Release|Any CPU = Release|Any CPU
	EndGlobalSection
	GlobalSection(ProjectConfigurationPlatforms) = postSolution
		{C0EF1391-AA1D-4859-B908-55B7C17D2036}.Debug|Any CPU.ActiveCfg = Debug|Any CPU
		{C0EF1391-AA1D-4859-B908-55B7C17D2036}.Debug|Any CPU.Build.0 = Debug|Any CPU
		{C0EF1391-AA1D-4859-B908-55B7C17D2036}.Release|Any CPU.ActiveCfg = Release|Any CPU
		{C0EF1391-AA1D-4859-B908-55B7C17D2036}.Release|Any CPU.Build.0 = Release|Any CPU
		{D73B21FD-30E4-417D-8E68-D04D3D565FE8}.Debug|Any CPU.ActiveCfg = Debug|Any CPU
		{D73B21FD-30E4-417D-8E68-D04D3D565FE8}.Debug|Any CPU.Build.0 = Debug|Any CPU
		{D73B21FD-30E4-417D-8E68-D04D3D565FE8}.Release|Any CPU.ActiveCfg = Release|Any CPU
		{D73B21FD-30E4-417D-8E68-D04D3D565FE8}.Release|Any CPU.Build.0 = Release|Any CPU
		{D3E20DD6-7911-43BA-8BA2-7F3C0DEFC078}.Debug|Any CPU.ActiveCfg = Debug|Any CPU
		{D3E20DD6-7911-43BA-8BA2-7F3C0DEFC078}.Debug|Any CPU.Build.0 = Debug|Any CPU
		{D3E20DD6-7911-43BA-8BA2-7F3C0DEFC078}.Release|Any CPU.ActiveCfg = Release|Any CPU
		{D3E20DD6-7911-43BA-8BA2-7F3C0DEFC078}.Release|Any CPU.Build.0 = Release|Any CPU
		{E0EFFF8C-EF2D-4145-9A2A-6DD6A9D2C1A1}.Debug|Any CPU.ActiveCfg = Debug|Any CPU
		{E0EFFF8C-EF2D-4145-9A2A-6DD6A9D2C1A1}.Debug|Any CPU.Build.0 = Debug|Any CPU
		{E0EFFF8C-EF2D-4145-9A2A-6DD6A9D2C1A1}.Release|Any CPU.ActiveCfg = Release|Any CPU
		{E0EFFF8C-EF2D-4145-9A2A-6DD6A9D2C1A1}.Release|Any CPU.Build.0 = Release|Any CPU
	EndGlobalSection
	GlobalSection(SolutionProperties) = preSolution
		HideSolutionNode = FALSE
	EndGlobalSection
	GlobalSection(ExtensibilityGlobals) = postSolution
		SolutionGuid = {317CE3B0-515C-43EB-A68A-DC4E1D725E43}
	EndGlobalSection
EndGlobal
